
Microsoft Visual Studio Solution File, Format Version 12.00
# Visual Studio Version 17
VisualStudioVersion = 17.6.33723.286
MinimumVisualStudioVersion = 10.0.40219.1
Project("{9A19103F-16F7-4668-BE54-9A1E7A4F7556}") = "ConnectFour", "ConnectFour\ConnectFour.csproj", "{721A0A56-35A9-4F71-95AB-6CF2C1DB5B37}"
EndProject
Project("{9A19103F-16F7-4668-BE54-9A1E7A4F7556}") = "ConnectFourSystem", "ConnectFourSystem\ConnectFourSystem.csproj", "{148E325B-6452-429B-A763-E3EC886E8633}"
EndProject
Project("{9A19103F-16F7-4668-BE54-9A1E7A4F7556}") = "ConnectFourTest", "ConnectFourTest\ConnectFourTest.csproj", "{00E8E9C8-0BE0-4E3E-BF02-73AD432DAA15}"
EndProject
Project("{9A19103F-16F7-4668-BE54-9A1E7A4F7556}") = "ConnectFourApp", "ConnectFourApp\ConnectFourApp\ConnectFourApp.csproj", "{AD35EBBF-6171-4D91-B07A-DCDA471718EC}"
EndProject
Global
	GlobalSection(SolutionConfigurationPlatforms) = preSolution
		Debug|Any CPU = Debug|Any CPU
		Release|Any CPU = Release|Any CPU
	EndGlobalSection
	GlobalSection(ProjectConfigurationPlatforms) = postSolution
		{721A0A56-35A9-4F71-95AB-6CF2C1DB5B37}.Debug|Any CPU.ActiveCfg = Debug|Any CPU
		{721A0A56-35A9-4F71-95AB-6CF2C1DB5B37}.Debug|Any CPU.Build.0 = Debug|Any CPU
		{721A0A56-35A9-4F71-95AB-6CF2C1DB5B37}.Release|Any CPU.ActiveCfg = Release|Any CPU
		{721A0A56-35A9-4F71-95AB-6CF2C1DB5B37}.Release|Any CPU.Build.0 = Release|Any CPU
		{148E325B-6452-429B-A763-E3EC886E8633}.Debug|Any CPU.ActiveCfg = Debug|Any CPU
		{148E325B-6452-429B-A763-E3EC886E8633}.Debug|Any CPU.Build.0 = Debug|Any CPU
		{148E325B-6452-429B-A763-E3EC886E8633}.Release|Any CPU.ActiveCfg = Release|Any CPU
		{148E325B-6452-429B-A763-E3EC886E8633}.Release|Any CPU.Build.0 = Release|Any CPU
		{00E8E9C8-0BE0-4E3E-BF02-73AD432DAA15}.Debug|Any CPU.ActiveCfg = Debug|Any CPU
		{00E8E9C8-0BE0-4E3E-BF02-73AD432DAA15}.Debug|Any CPU.Build.0 = Debug|Any CPU
		{00E8E9C8-0BE0-4E3E-BF02-73AD432DAA15}.Release|Any CPU.ActiveCfg = Release|Any CPU
		{00E8E9C8-0BE0-4E3E-BF02-73AD432DAA15}.Release|Any CPU.Build.0 = Release|Any CPU
		{AD35EBBF-6171-4D91-B07A-DCDA471718EC}.Debug|Any CPU.ActiveCfg = Debug|Any CPU
		{AD35EBBF-6171-4D91-B07A-DCDA471718EC}.Debug|Any CPU.Build.0 = Debug|Any CPU
		{AD35EBBF-6171-4D91-B07A-DCDA471718EC}.Debug|Any CPU.Deploy.0 = Debug|Any CPU
		{AD35EBBF-6171-4D91-B07A-DCDA471718EC}.Release|Any CPU.ActiveCfg = Release|Any CPU
		{AD35EBBF-6171-4D91-B07A-DCDA471718EC}.Release|Any CPU.Build.0 = Release|Any CPU
		{AD35EBBF-6171-4D91-B07A-DCDA471718EC}.Release|Any CPU.Deploy.0 = Release|Any CPU
	EndGlobalSection
	GlobalSection(SolutionProperties) = preSolution
		HideSolutionNode = FALSE
	EndGlobalSection
	GlobalSection(ExtensibilityGlobals) = postSolution
		SolutionGuid = {B975E302-67EB-4C04-B9F4-C4403EA3D7A7}
	EndGlobalSection
EndGlobal
